
Microsoft Visual Studio Solution File, Format Version 12.00
# Visual Studio 14
VisualStudioVersion = 14.0.25420.1
MinimumVisualStudioVersion = 10.0.40219.1
Project("{FAE04EC0-301F-11D3-BF4B-00C04F79EFBC}") = "PreEL3", "PreEL3\PreEL3.csproj", "{582225BD-1279-4717-8606-84DBA3F85CA5}"
EndProject
Project("{2150E333-8FDC-42A3-9474-1A3956D46DE8}") = "Dominio", "Dominio", "{7B95AB83-417C-4364-AFB4-919342BA36D4}"
EndProject
Project("{2150E333-8FDC-42A3-9474-1A3956D46DE8}") = "Infraestructura", "Infraestructura", "{C0B0909F-FE85-4D6E-9D95-3211C7EBBF55}"
EndProject
Project("{2150E333-8FDC-42A3-9474-1A3956D46DE8}") = "Presentacion", "Presentacion", "{17BC40EA-CCC3-40E0-85C1-23DC6DA2B9E9}"
EndProject
Project("{2150E333-8FDC-42A3-9474-1A3956D46DE8}") = "Entidades", "Entidades", "{88C4C152-0276-4463-A662-DB05574FA4A2}"
EndProject
Project("{2150E333-8FDC-42A3-9474-1A3956D46DE8}") = "Repositorio", "Repositorio", "{F0529C57-A858-4891-ACE8-09FC9344808E}"
EndProject
Project("{2150E333-8FDC-42A3-9474-1A3956D46DE8}") = "Data", "Data", "{F285A2EA-C992-4524-B41B-BEC19F04E5EA}"
EndProject
Project("{2150E333-8FDC-42A3-9474-1A3956D46DE8}") = "Web", "Web", "{1DB6087B-EF08-46E0-A856-D2AB8F28F60C}"
EndProject
Project("{2150E333-8FDC-42A3-9474-1A3956D46DE8}") = "ASP.NET.MVC", "ASP.NET.MVC", "{161B94FD-9F2D-42E0-BFD3-4E3F3F9BCB16}"
EndProject
Project("{FAE04EC0-301F-11D3-BF4B-00C04F79EFBC}") = "Dominio.Entidades", "Dominio.Entidades\Dominio.Entidades.csproj", "{8E807424-B29E-4875-AC60-124FF494C128}"
EndProject
Project("{FAE04EC0-301F-11D3-BF4B-00C04F79EFBC}") = "Infraestructura.Data.SqlServer", "Infraestructura.Data.SqlServer\Infraestructura.Data.SqlServer.csproj", "{F3BB6540-FE6E-4C7C-AEF6-76CCD1307551}"
EndProject
Project("{FAE04EC0-301F-11D3-BF4B-00C04F79EFBC}") = "Dominio.Repositorio", "Dominio.Repositorio\Dominio.Repositorio.csproj", "{1C5AC54B-52C0-43AF-BC5B-B3F0FFEFBA74}"
EndProject
Global
	GlobalSection(SolutionConfigurationPlatforms) = preSolution
		Debug|Any CPU = Debug|Any CPU
		Release|Any CPU = Release|Any CPU
	EndGlobalSection
	GlobalSection(ProjectConfigurationPlatforms) = postSolution
		{582225BD-1279-4717-8606-84DBA3F85CA5}.Debug|Any CPU.ActiveCfg = Debug|Any CPU
		{582225BD-1279-4717-8606-84DBA3F85CA5}.Debug|Any CPU.Build.0 = Debug|Any CPU
		{582225BD-1279-4717-8606-84DBA3F85CA5}.Release|Any CPU.ActiveCfg = Release|Any CPU
		{582225BD-1279-4717-8606-84DBA3F85CA5}.Release|Any CPU.Build.0 = Release|Any CPU
		{8E807424-B29E-4875-AC60-124FF494C128}.Debug|Any CPU.ActiveCfg = Debug|Any CPU
		{8E807424-B29E-4875-AC60-124FF494C128}.Debug|Any CPU.Build.0 = Debug|Any CPU
		{8E807424-B29E-4875-AC60-124FF494C128}.Release|Any CPU.ActiveCfg = Release|Any CPU
		{8E807424-B29E-4875-AC60-124FF494C128}.Release|Any CPU.Build.0 = Release|Any CPU
		{F3BB6540-FE6E-4C7C-AEF6-76CCD1307551}.Debug|Any CPU.ActiveCfg = Debug|Any CPU
		{F3BB6540-FE6E-4C7C-AEF6-76CCD1307551}.Debug|Any CPU.Build.0 = Debug|Any CPU
		{F3BB6540-FE6E-4C7C-AEF6-76CCD1307551}.Release|Any CPU.ActiveCfg = Release|Any CPU
		{F3BB6540-FE6E-4C7C-AEF6-76CCD1307551}.Release|Any CPU.Build.0 = Release|Any CPU
		{1C5AC54B-52C0-43AF-BC5B-B3F0FFEFBA74}.Debug|Any CPU.ActiveCfg = Debug|Any CPU
		{1C5AC54B-52C0-43AF-BC5B-B3F0FFEFBA74}.Debug|Any CPU.Build.0 = Debug|Any CPU
		{1C5AC54B-52C0-43AF-BC5B-B3F0FFEFBA74}.Release|Any CPU.ActiveCfg = Release|Any CPU
		{1C5AC54B-52C0-43AF-BC5B-B3F0FFEFBA74}.Release|Any CPU.Build.0 = Release|Any CPU
	EndGlobalSection
	GlobalSection(SolutionProperties) = preSolution
		HideSolutionNode = FALSE
	EndGlobalSection
	GlobalSection(NestedProjects) = preSolution
		{582225BD-1279-4717-8606-84DBA3F85CA5} = {161B94FD-9F2D-42E0-BFD3-4E3F3F9BCB16}
		{88C4C152-0276-4463-A662-DB05574FA4A2} = {7B95AB83-417C-4364-AFB4-919342BA36D4}
		{F0529C57-A858-4891-ACE8-09FC9344808E} = {7B95AB83-417C-4364-AFB4-919342BA36D4}
		{F285A2EA-C992-4524-B41B-BEC19F04E5EA} = {C0B0909F-FE85-4D6E-9D95-3211C7EBBF55}
		{1DB6087B-EF08-46E0-A856-D2AB8F28F60C} = {17BC40EA-CCC3-40E0-85C1-23DC6DA2B9E9}
		{161B94FD-9F2D-42E0-BFD3-4E3F3F9BCB16} = {1DB6087B-EF08-46E0-A856-D2AB8F28F60C}
		{8E807424-B29E-4875-AC60-124FF494C128} = {88C4C152-0276-4463-A662-DB05574FA4A2}
		{F3BB6540-FE6E-4C7C-AEF6-76CCD1307551} = {F285A2EA-C992-4524-B41B-BEC19F04E5EA}
		{1C5AC54B-52C0-43AF-BC5B-B3F0FFEFBA74} = {F0529C57-A858-4891-ACE8-09FC9344808E}
	EndGlobalSection
EndGlobal
